
Microsoft Visual Studio Solution File, Format Version 12.00
# Visual Studio Version 17
VisualStudioVersion = 17.1.32421.90
MinimumVisualStudioVersion = 10.0.40219.1
Project("{FAE04EC0-301F-11D3-BF4B-00C04F79EFBC}") = "CRUD_Core6_Api", "CRUD_Core6_Api.csproj", "{F370666C-2C76-4949-8454-49C1CE0FDE01}"
EndProject
Global
	GlobalSection(SolutionConfigurationPlatforms) = preSolution
		Debug|Any CPU = Debug|Any CPU
		Release|Any CPU = Release|Any CPU
	EndGlobalSection
	GlobalSection(ProjectConfigurationPlatforms) = postSolution
		{F370666C-2C76-4949-8454-49C1CE0FDE01}.Debug|Any CPU.ActiveCfg = Debug|Any CPU
		{F370666C-2C76-4949-8454-49C1CE0FDE01}.Debug|Any CPU.Build.0 = Debug|Any CPU
		{F370666C-2C76-4949-8454-49C1CE0FDE01}.Release|Any CPU.ActiveCfg = Release|Any CPU
		{F370666C-2C76-4949-8454-49C1CE0FDE01}.Release|Any CPU.Build.0 = Release|Any CPU
	EndGlobalSection
	GlobalSection(SolutionProperties) = preSolution
		HideSolutionNode = FALSE
	EndGlobalSection
	GlobalSection(ExtensibilityGlobals) = postSolution
		SolutionGuid = {72686151-8D6E-4D3E-A1F8-DB8E0328893E}
	EndGlobalSection
EndGlobal
